// !$*UTF8*$!
{
	archiveVersion = 1;
	classes = {
	};
	objectVersion = 46;
	objects = {

/* Begin PBXBuildFile section */
		DCE3D6921E2F5C5F003DE61F /* AppDelegate.swift in Sources */ = {isa = PBXBuildFile; fileRef = DCE3D6911E2F5C5F003DE61F /* AppDelegate.swift */; };
		DCE3D6941E2F5C5F003DE61F /* ViewController.swift in Sources */ = {isa = PBXBuildFile; fileRef = DCE3D6931E2F5C5F003DE61F /* ViewController.swift */; };
		DCE3D6971E2F5C5F003DE61F /* Main.storyboard in Resources */ = {isa = PBXBuildFile; fileRef = DCE3D6951E2F5C5F003DE61F /* Main.storyboard */; };
		DCE3D6991E2F5C60003DE61F /* Assets.xcassets in Resources */ = {isa = PBXBuildFile; fileRef = DCE3D6981E2F5C60003DE61F /* Assets.xcassets */; };
		DCE3D69C1E2F5C60003DE61F /* LaunchScreen.storyboard in Resources */ = {isa = PBXBuildFile; fileRef = DCE3D69A1E2F5C60003DE61F /* LaunchScreen.storyboard */; };
		DCE3D6A11E2F5C60003DE61F /* Pizza WatchKit App.app in Embed Watch Content */ = {isa = PBXBuildFile; fileRef = DCE3D6A01E2F5C60003DE61F /* Pizza WatchKit App.app */; };
		DCE3D6A71E2F5C60003DE61F /* Interface.storyboard in Resources */ = {isa = PBXBuildFile; fileRef = DCE3D6A51E2F5C60003DE61F /* Interface.storyboard */; };
		DCE3D6A91E2F5C60003DE61F /* Assets.xcassets in Resources */ = {isa = PBXBuildFile; fileRef = DCE3D6A81E2F5C60003DE61F /* Assets.xcassets */; };
		DCE3D6B01E2F5C60003DE61F /* Pizza WatchKit Extension.appex in Embed App Extensions */ = {isa = PBXBuildFile; fileRef = DCE3D6AF1E2F5C60003DE61F /* Pizza WatchKit Extension.appex */; settings = {ATTRIBUTES = (RemoveHeadersOnCopy, ); }; };
		DCE3D6B51E2F5C60003DE61F /* InterfaceController.swift in Sources */ = {isa = PBXBuildFile; fileRef = DCE3D6B41E2F5C60003DE61F /* InterfaceController.swift */; };
		DCE3D6B71E2F5C60003DE61F /* ExtensionDelegate.swift in Sources */ = {isa = PBXBuildFile; fileRef = DCE3D6B61E2F5C60003DE61F /* ExtensionDelegate.swift */; };
		DCE3D6B91E2F5C60003DE61F /* Assets.xcassets in Resources */ = {isa = PBXBuildFile; fileRef = DCE3D6B81E2F5C60003DE61F /* Assets.xcassets */; };
		DCE3D6CB1E2F648C003DE61F /* InterfaceControllerTamano.swift in Sources */ = {isa = PBXBuildFile; fileRef = DCE3D6CA1E2F648C003DE61F /* InterfaceControllerTamano.swift */; };
		DCE3D6CD1E2F64C8003DE61F /* InterfaceControllerMasa.swift in Sources */ = {isa = PBXBuildFile; fileRef = DCE3D6CC1E2F64C8003DE61F /* InterfaceControllerMasa.swift */; };
		DCE3D6CF1E2F64E4003DE61F /* InterfaceControllerQueso.swift in Sources */ = {isa = PBXBuildFile; fileRef = DCE3D6CE1E2F64E4003DE61F /* InterfaceControllerQueso.swift */; };
		DCE3D6D11E2F64F4003DE61F /* InterfaceControllerIngredientes.swift in Sources */ = {isa = PBXBuildFile; fileRef = DCE3D6D01E2F64F4003DE61F /* InterfaceControllerIngredientes.swift */; };
		DCE3D6D31E2F650C003DE61F /* InterfaceControllerPedido.swift in Sources */ = {isa = PBXBuildFile; fileRef = DCE3D6D21E2F650C003DE61F /* InterfaceControllerPedido.swift */; };
		DCE3D6D51E2F6517003DE61F /* InterfaceControllerFinal.swift in Sources */ = {isa = PBXBuildFile; fileRef = DCE3D6D41E2F6517003DE61F /* InterfaceControllerFinal.swift */; };
		DCE3D6D71E2F68D3003DE61F /* Valor.swift in Sources */ = {isa = PBXBuildFile; fileRef = DCE3D6D61E2F68D3003DE61F /* Valor.swift */; };
/* End PBXBuildFile section */

/* Begin PBXContainerItemProxy section */
		DCE3D6A21E2F5C60003DE61F /* PBXContainerItemProxy */ = {
			isa = PBXContainerItemProxy;
			containerPortal = DCE3D6861E2F5C5F003DE61F /* Project object */;
			proxyType = 1;
			remoteGlobalIDString = DCE3D69F1E2F5C60003DE61F;
			remoteInfo = "Pizza WatchKit App";
		};
		DCE3D6B11E2F5C60003DE61F /* PBXContainerItemProxy */ = {
			isa = PBXContainerItemProxy;
			containerPortal = DCE3D6861E2F5C5F003DE61F /* Project object */;
			proxyType = 1;
			remoteGlobalIDString = DCE3D6AE1E2F5C60003DE61F;
			remoteInfo = "Pizza WatchKit Extension";
		};
/* End PBXContainerItemProxy section */

/* Begin PBXCopyFilesBuildPhase section */
		DCE3D6C01E2F5C60003DE61F /* Embed App Extensions */ = {
			isa = PBXCopyFilesBuildPhase;
			buildActionMask = 2147483647;
			dstPath = "";
			dstSubfolderSpec = 13;
			files = (
				DCE3D6B01E2F5C60003DE61F /* Pizza WatchKit Extension.appex in Embed App Extensions */,
			);
			name = "Embed App Extensions";
			runOnlyForDeploymentPostprocessing = 0;
		};
		DCE3D6C41E2F5C60003DE61F /* Embed Watch Content */ = {
			isa = PBXCopyFilesBuildPhase;
			buildActionMask = 2147483647;
			dstPath = "$(CONTENTS_FOLDER_PATH)/Watch";
			dstSubfolderSpec = 16;
			files = (
				DCE3D6A11E2F5C60003DE61F /* Pizza WatchKit App.app in Embed Watch Content */,
			);
			name = "Embed Watch Content";
			runOnlyForDeploymentPostprocessing = 0;
		};
/* End PBXCopyFilesBuildPhase section */

/* Begin PBXFileReference section */
		DCE3D68E1E2F5C5F003DE61F /* Pizza.app */ = {isa = PBXFileReference; explicitFileType = wrapper.application; includeInIndex = 0; path = Pizza.app; sourceTree = BUILT_PRODUCTS_DIR; };
		DCE3D6911E2F5C5F003DE61F /* AppDelegate.swift */ = {isa = PBXFileReference; lastKnownFileType = sourcecode.swift; path = AppDelegate.swift; sourceTree = "<group>"; };
		DCE3D6931E2F5C5F003DE61F /* ViewController.swift */ = {isa = PBXFileReference; lastKnownFileType = sourcecode.swift; path = ViewController.swift; sourceTree = "<group>"; };
		DCE3D6961E2F5C5F003DE61F /* Base */ = {isa = PBXFileReference; lastKnownFileType = file.storyboard; name = Base; path = Base.lproj/Main.storyboard; sourceTree = "<group>"; };
		DCE3D6981E2F5C60003DE61F /* Assets.xcassets */ = {isa = PBXFileReference; lastKnownFileType = folder.assetcatalog; path = Assets.xcassets; sourceTree = "<group>"; };
		DCE3D69B1E2F5C60003DE61F /* Base */ = {isa = PBXFileReference; lastKnownFileType = file.storyboard; name = Base; path = Base.lproj/LaunchScreen.storyboard; sourceTree = "<group>"; };
		DCE3D69D1E2F5C60003DE61F /* Info.plist */ = {isa = PBXFileReference; lastKnownFileType = text.plist.xml; path = Info.plist; sourceTree = "<group>"; };
		DCE3D6A01E2F5C60003DE61F /* Pizza WatchKit App.app */ = {isa = PBXFileReference; explicitFileType = wrapper.application; includeInIndex = 0; path = "Pizza WatchKit App.app"; sourceTree = BUILT_PRODUCTS_DIR; };
		DCE3D6A61E2F5C60003DE61F /* Base */ = {isa = PBXFileReference; lastKnownFileType = file.storyboard; name = Base; path = Base.lproj/Interface.storyboard; sourceTree = "<group>"; };
		DCE3D6A81E2F5C60003DE61F /* Assets.xcassets */ = {isa = PBXFileReference; lastKnownFileType = folder.assetcatalog; path = Assets.xcassets; sourceTree = "<group>"; };
		DCE3D6AA1E2F5C60003DE61F /* Info.plist */ = {isa = PBXFileReference; lastKnownFileType = text.plist.xml; path = Info.plist; sourceTree = "<group>"; };
		DCE3D6AF1E2F5C60003DE61F /* Pizza WatchKit Extension.appex */ = {isa = PBXFileReference; explicitFileType = "wrapper.app-extension"; includeInIndex = 0; path = "Pizza WatchKit Extension.appex"; sourceTree = BUILT_PRODUCTS_DIR; };
		DCE3D6B41E2F5C60003DE61F /* InterfaceController.swift */ = {isa = PBXFileReference; lastKnownFileType = sourcecode.swift; path = InterfaceController.swift; sourceTree = "<group>"; };
		DCE3D6B61E2F5C60003DE61F /* ExtensionDelegate.swift */ = {isa = PBXFileReference; lastKnownFileType = sourcecode.swift; path = ExtensionDelegate.swift; sourceTree = "<group>"; };
		DCE3D6B81E2F5C60003DE61F /* Assets.xcassets */ = {isa = PBXFileReference; lastKnownFileType = folder.assetcatalog; path = Assets.xcassets; sourceTree = "<group>"; };
		DCE3D6BA1E2F5C60003DE61F /* Info.plist */ = {isa = PBXFileReference; lastKnownFileType = text.plist.xml; path = Info.plist; sourceTree = "<group>"; };
		DCE3D6CA1E2F648C003DE61F /* InterfaceControllerTamano.swift */ = {isa = PBXFileReference; fileEncoding = 4; lastKnownFileType = sourcecode.swift; path = InterfaceControllerTamano.swift; sourceTree = "<group>"; };
		DCE3D6CC1E2F64C8003DE61F /* InterfaceControllerMasa.swift */ = {isa = PBXFileReference; fileEncoding = 4; lastKnownFileType = sourcecode.swift; path = InterfaceControllerMasa.swift; sourceTree = "<group>"; };
		DCE3D6CE1E2F64E4003DE61F /* InterfaceControllerQueso.swift */ = {isa = PBXFileReference; fileEncoding = 4; lastKnownFileType = sourcecode.swift; path = InterfaceControllerQueso.swift; sourceTree = "<group>"; };
		DCE3D6D01E2F64F4003DE61F /* InterfaceControllerIngredientes.swift */ = {isa = PBXFileReference; fileEncoding = 4; lastKnownFileType = sourcecode.swift; path = InterfaceControllerIngredientes.swift; sourceTree = "<group>"; };
		DCE3D6D21E2F650C003DE61F /* InterfaceControllerPedido.swift */ = {isa = PBXFileReference; fileEncoding = 4; lastKnownFileType = sourcecode.swift; path = InterfaceControllerPedido.swift; sourceTree = "<group>"; };
		DCE3D6D41E2F6517003DE61F /* InterfaceControllerFinal.swift */ = {isa = PBXFileReference; fileEncoding = 4; lastKnownFileType = sourcecode.swift; path = InterfaceControllerFinal.swift; sourceTree = "<group>"; };
		DCE3D6D61E2F68D3003DE61F /* Valor.swift */ = {isa = PBXFileReference; fileEncoding = 4; lastKnownFileType = sourcecode.swift; path = Valor.swift; sourceTree = "<group>"; };
/* End PBXFileReference section */

/* Begin PBXFrameworksBuildPhase section */
		DCE3D68B1E2F5C5F003DE61F /* Frameworks */ = {
			isa = PBXFrameworksBuildPhase;
			buildActionMask = 2147483647;
			files = (
			);
			runOnlyForDeploymentPostprocessing = 0;
		};
		DCE3D6AC1E2F5C60003DE61F /* Frameworks */ = {
			isa = PBXFrameworksBuildPhase;
			buildActionMask = 2147483647;
			files = (
			);
			runOnlyForDeploymentPostprocessing = 0;
		};
/* End PBXFrameworksBuildPhase section */

/* Begin PBXGroup section */
		DCE3D6851E2F5C5F003DE61F = {
			isa = PBXGroup;
			children = (
				DCE3D6901E2F5C5F003DE61F /* Pizza */,
				DCE3D6A41E2F5C60003DE61F /* Pizza WatchKit App */,
				DCE3D6B31E2F5C60003DE61F /* Pizza WatchKit Extension */,
				DCE3D68F1E2F5C5F003DE61F /* Products */,
			);
			sourceTree = "<group>";
		};
		DCE3D68F1E2F5C5F003DE61F /* Products */ = {
			isa = PBXGroup;
			children = (
				DCE3D68E1E2F5C5F003DE61F /* Pizza.app */,
				DCE3D6A01E2F5C60003DE61F /* Pizza WatchKit App.app */,
				DCE3D6AF1E2F5C60003DE61F /* Pizza WatchKit Extension.appex */,
			);
			name = Products;
			sourceTree = "<group>";
		};
		DCE3D6901E2F5C5F003DE61F /* Pizza */ = {
			isa = PBXGroup;
			children = (
				DCE3D6911E2F5C5F003DE61F /* AppDelegate.swift */,
				DCE3D6931E2F5C5F003DE61F /* ViewController.swift */,
				DCE3D6951E2F5C5F003DE61F /* Main.storyboard */,
				DCE3D6981E2F5C60003DE61F /* Assets.xcassets */,
				DCE3D69A1E2F5C60003DE61F /* LaunchScreen.storyboard */,
				DCE3D69D1E2F5C60003DE61F /* Info.plist */,
			);
			path = Pizza;
			sourceTree = "<group>";
		};
		DCE3D6A41E2F5C60003DE61F /* Pizza WatchKit App */ = {
			isa = PBXGroup;
			children = (
				DCE3D6A51E2F5C60003DE61F /* Interface.storyboard */,
				DCE3D6A81E2F5C60003DE61F /* Assets.xcassets */,
				DCE3D6AA1E2F5C60003DE61F /* Info.plist */,
			);
			path = "Pizza WatchKit App";
			sourceTree = "<group>";
		};
		DCE3D6B31E2F5C60003DE61F /* Pizza WatchKit Extension */ = {
			isa = PBXGroup;
			children = (
				DCE3D6B41E2F5C60003DE61F /* InterfaceController.swift */,
				DCE3D6B61E2F5C60003DE61F /* ExtensionDelegate.swift */,
				DCE3D6B81E2F5C60003DE61F /* Assets.xcassets */,
				DCE3D6BA1E2F5C60003DE61F /* Info.plist */,
				DCE3D6CA1E2F648C003DE61F /* InterfaceControllerTamano.swift */,
				DCE3D6CC1E2F64C8003DE61F /* InterfaceControllerMasa.swift */,
				DCE3D6CE1E2F64E4003DE61F /* InterfaceControllerQueso.swift */,
				DCE3D6D01E2F64F4003DE61F /* InterfaceControllerIngredientes.swift */,
				DCE3D6D21E2F650C003DE61F /* InterfaceControllerPedido.swift */,
				DCE3D6D41E2F6517003DE61F /* InterfaceControllerFinal.swift */,
				DCE3D6D61E2F68D3003DE61F /* Valor.swift */,
			);
			path = "Pizza WatchKit Extension";
			sourceTree = "<group>";
		};
/* End PBXGroup section */

/* Begin PBXNativeTarget section */
		DCE3D68D1E2F5C5F003DE61F /* Pizza */ = {
			isa = PBXNativeTarget;
			buildConfigurationList = DCE3D6C51E2F5C60003DE61F /* Build configuration list for PBXNativeTarget "Pizza" */;
			buildPhases = (
				DCE3D68A1E2F5C5F003DE61F /* Sources */,
				DCE3D68B1E2F5C5F003DE61F /* Frameworks */,
				DCE3D68C1E2F5C5F003DE61F /* Resources */,
				DCE3D6C41E2F5C60003DE61F /* Embed Watch Content */,
			);
			buildRules = (
			);
			dependencies = (
				DCE3D6A31E2F5C60003DE61F /* PBXTargetDependency */,
			);
			name = Pizza;
			productName = Pizza;
			productReference = DCE3D68E1E2F5C5F003DE61F /* Pizza.app */;
			productType = "com.apple.product-type.application";
		};
		DCE3D69F1E2F5C60003DE61F /* Pizza WatchKit App */ = {
			isa = PBXNativeTarget;
			buildConfigurationList = DCE3D6C11E2F5C60003DE61F /* Build configuration list for PBXNativeTarget "Pizza WatchKit App" */;
			buildPhases = (
				DCE3D69E1E2F5C60003DE61F /* Resources */,
				DCE3D6C01E2F5C60003DE61F /* Embed App Extensions */,
			);
			buildRules = (
			);
			dependencies = (
				DCE3D6B21E2F5C60003DE61F /* PBXTargetDependency */,
			);
			name = "Pizza WatchKit App";
			productName = "Pizza WatchKit App";
			productReference = DCE3D6A01E2F5C60003DE61F /* Pizza WatchKit App.app */;
			productType = "com.apple.product-type.application.watchapp2";
		};
		DCE3D6AE1E2F5C60003DE61F /* Pizza WatchKit Extension */ = {
			isa = PBXNativeTarget;
			buildConfigurationList = DCE3D6BD1E2F5C60003DE61F /* Build configuration list for PBXNativeTarget "Pizza WatchKit Extension" */;
			buildPhases = (
				DCE3D6AB1E2F5C60003DE61F /* Sources */,
				DCE3D6AC1E2F5C60003DE61F /* Frameworks */,
				DCE3D6AD1E2F5C60003DE61F /* Resources */,
			);
			buildRules = (
			);
			dependencies = (
			);
			name = "Pizza WatchKit Extension";
			productName = "Pizza WatchKit Extension";
			productReference = DCE3D6AF1E2F5C60003DE61F /* Pizza WatchKit Extension.appex */;
			productType = "com.apple.product-type.watchkit2-extension";
		};
/* End PBXNativeTarget section */

/* Begin PBXProject section */
		DCE3D6861E2F5C5F003DE61F /* Project object */ = {
			isa = PBXProject;
			attributes = {
				LastSwiftUpdateCheck = 0810;
				LastUpgradeCheck = 0810;
				ORGANIZATIONNAME = "JESSICA MENDOZA RUIZ";
				TargetAttributes = {
					DCE3D68D1E2F5C5F003DE61F = {
						CreatedOnToolsVersion = 8.1;
						ProvisioningStyle = Automatic;
					};
					DCE3D69F1E2F5C60003DE61F = {
						CreatedOnToolsVersion = 8.1;
						ProvisioningStyle = Automatic;
					};
					DCE3D6AE1E2F5C60003DE61F = {
						CreatedOnToolsVersion = 8.1;
						ProvisioningStyle = Automatic;
					};
				};
			};
			buildConfigurationList = DCE3D6891E2F5C5F003DE61F /* Build configuration list for PBXProject "Pizza" */;
			compatibilityVersion = "Xcode 3.2";
			developmentRegion = English;
			hasScannedForEncodings = 0;
			knownRegions = (
				en,
				Base,
			);
			mainGroup = DCE3D6851E2F5C5F003DE61F;
			productRefGroup = DCE3D68F1E2F5C5F003DE61F /* Products */;
			projectDirPath = "";
			projectRoot = "";
			targets = (
				DCE3D68D1E2F5C5F003DE61F /* Pizza */,
				DCE3D69F1E2F5C60003DE61F /* Pizza WatchKit App */,
				DCE3D6AE1E2F5C60003DE61F /* Pizza WatchKit Extension */,
			);
		};
/* End PBXProject section */

/* Begin PBXResourcesBuildPhase section */
		DCE3D68C1E2F5C5F003DE61F /* Resources */ = {
			isa = PBXResourcesBuildPhase;
			buildActionMask = 2147483647;
			files = (
				DCE3D69C1E2F5C60003DE61F /* LaunchScreen.storyboard in Resources */,
				DCE3D6991E2F5C60003DE61F /* Assets.xcassets in Resources */,
				DCE3D6971E2F5C5F003DE61F /* Main.storyboard in Resources */,
			);
			runOnlyForDeploymentPostprocessing = 0;
		};
		DCE3D69E1E2F5C60003DE61F /* Resources */ = {
			isa = PBXResourcesBuildPhase;
			buildActionMask = 2147483647;
			files = (
				DCE3D6A91E2F5C60003DE61F /* Assets.xcassets in Resources */,
				DCE3D6A71E2F5C60003DE61F /* Interface.storyboard in Resources */,
			);
			runOnlyForDeploymentPostprocessing = 0;
		};
		DCE3D6AD1E2F5C60003DE61F /* Resources */ = {
			isa = PBXResourcesBuildPhase;
			buildActionMask = 2147483647;
			files = (
				DCE3D6B91E2F5C60003DE61F /* Assets.xcassets in Resources */,
			);
			runOnlyForDeploymentPostprocessing = 0;
		};
/* End PBXResourcesBuildPhase section */

/* Begin PBXSourcesBuildPhase section */
		DCE3D68A1E2F5C5F003DE61F /* Sources */ = {
			isa = PBXSourcesBuildPhase;
			buildActionMask = 2147483647;
			files = (
				DCE3D6941E2F5C5F003DE61F /* ViewController.swift in Sources */,
				DCE3D6921E2F5C5F003DE61F /* AppDelegate.swift in Sources */,
			);
			runOnlyForDeploymentPostprocessing = 0;
		};
		DCE3D6AB1E2F5C60003DE61F /* Sources */ = {
			isa = PBXSourcesBuildPhase;
			buildActionMask = 2147483647;
			files = (
				DCE3D6D71E2F68D3003DE61F /* Valor.swift in Sources */,
				DCE3D6D51E2F6517003DE61F /* InterfaceControllerFinal.swift in Sources */,
				DCE3D6CB1E2F648C003DE61F /* InterfaceControllerTamano.swift in Sources */,
				DCE3D6B71E2F5C60003DE61F /* ExtensionDelegate.swift in Sources */,
				DCE3D6D11E2F64F4003DE61F /* InterfaceControllerIngredientes.swift in Sources */,
				DCE3D6B51E2F5C60003DE61F /* InterfaceController.swift in Sources */,
				DCE3D6CF1E2F64E4003DE61F /* InterfaceControllerQueso.swift in Sources */,
				DCE3D6D31E2F650C003DE61F /* InterfaceControllerPedido.swift in Sources */,
				DCE3D6CD1E2F64C8003DE61F /* InterfaceControllerMasa.swift in Sources */,
			);
			runOnlyForDeploymentPostprocessing = 0;
		};
/* End PBXSourcesBuildPhase section */

/* Begin PBXTargetDependency section */
		DCE3D6A31E2F5C60003DE61F /* PBXTargetDependency */ = {
			isa = PBXTargetDependency;
			target = DCE3D69F1E2F5C60003DE61F /* Pizza WatchKit App */;
			targetProxy = DCE3D6A21E2F5C60003DE61F /* PBXContainerItemProxy */;
		};
		DCE3D6B21E2F5C60003DE61F /* PBXTargetDependency */ = {
			isa = PBXTargetDependency;
			target = DCE3D6AE1E2F5C60003DE61F /* Pizza WatchKit Extension */;
			targetProxy = DCE3D6B11E2F5C60003DE61F /* PBXContainerItemProxy */;
		};
/* End PBXTargetDependency section */

/* Begin PBXVariantGroup section */
		DCE3D6951E2F5C5F003DE61F /* Main.storyboard */ = {
			isa = PBXVariantGroup;
			children = (
				DCE3D6961E2F5C5F003DE61F /* Base */,
			);
			name = Main.storyboard;
			sourceTree = "<group>";
		};
		DCE3D69A1E2F5C60003DE61F /* LaunchScreen.storyboard */ = {
			isa = PBXVariantGroup;
			children = (
				DCE3D69B1E2F5C60003DE61F /* Base */,
			);
			name = LaunchScreen.storyboard;
			sourceTree = "<group>";
		};
		DCE3D6A51E2F5C60003DE61F /* Interface.storyboard */ = {
			isa = PBXVariantGroup;
			children = (
				DCE3D6A61E2F5C60003DE61F /* Base */,
			);
			name = Interface.storyboard;
			sourceTree = "<group>";
		};
/* End PBXVariantGroup section */

/* Begin XCBuildConfiguration section */
		DCE3D6BB1E2F5C60003DE61F /* Debug */ = {
			isa = XCBuildConfiguration;
			buildSettings = {
				ALWAYS_SEARCH_USER_PATHS = NO;
				CLANG_ANALYZER_NONNULL = YES;
				CLANG_CXX_LANGUAGE_STANDARD = "gnu++0x";
				CLANG_CXX_LIBRARY = "libc++";
				CLANG_ENABLE_MODULES = YES;
				CLANG_ENABLE_OBJC_ARC = YES;
				CLANG_WARN_BOOL_CONVERSION = YES;
				CLANG_WARN_CONSTANT_CONVERSION = YES;
				CLANG_WARN_DIRECT_OBJC_ISA_USAGE = YES_ERROR;
				CLANG_WARN_DOCUMENTATION_COMMENTS = YES;
				CLANG_WARN_EMPTY_BODY = YES;
				CLANG_WARN_ENUM_CONVERSION = YES;
				CLANG_WARN_INFINITE_RECURSION = YES;
				CLANG_WARN_INT_CONVERSION = YES;
				CLANG_WARN_OBJC_ROOT_CLASS = YES_ERROR;
				CLANG_WARN_SUSPICIOUS_MOVES = YES;
				CLANG_WARN_UNREACHABLE_CODE = YES;
				CLANG_WARN__DUPLICATE_METHOD_MATCH = YES;
				"CODE_SIGN_IDENTITY[sdk=iphoneos*]" = "iPhone Developer";
				COPY_PHASE_STRIP = NO;
				DEBUG_INFORMATION_FORMAT = dwarf;
				ENABLE_STRICT_OBJC_MSGSEND = YES;
				ENABLE_TESTABILITY = YES;
				GCC_C_LANGUAGE_STANDARD = gnu99;
				GCC_DYNAMIC_NO_PIC = NO;
				GCC_NO_COMMON_BLOCKS = YES;
				GCC_OPTIMIZATION_LEVEL = 0;
				GCC_PREPROCESSOR_DEFINITIONS = (
					"DEBUG=1",
					"$(inherited)",
				);
				GCC_WARN_64_TO_32_BIT_CONVERSION = YES;
				GCC_WARN_ABOUT_RETURN_TYPE = YES_ERROR;
				GCC_WARN_UNDECLARED_SELECTOR = YES;
				GCC_WARN_UNINITIALIZED_AUTOS = YES_AGGRESSIVE;
				GCC_WARN_UNUSED_FUNCTION = YES;
				GCC_WARN_UNUSED_VARIABLE = YES;
				IPHONEOS_DEPLOYMENT_TARGET = 10.1;
				MTL_ENABLE_DEBUG_INFO = YES;
				ONLY_ACTIVE_ARCH = YES;
				SDKROOT = iphoneos;
				SWIFT_ACTIVE_COMPILATION_CONDITIONS = DEBUG;
				SWIFT_OPTIMIZATION_LEVEL = "-Onone";
				TARGETED_DEVICE_FAMILY = "1,2";
			};
			name = Debug;
		};
		DCE3D6BC1E2F5C60003DE61F /* Release */ = {
			isa = XCBuildConfiguration;
			buildSettings = {
				ALWAYS_SEARCH_USER_PATHS = NO;
				CLANG_ANALYZER_NONNULL = YES;
				CLANG_CXX_LANGUAGE_STANDARD = "gnu++0x";
				CLANG_CXX_LIBRARY = "libc++";
				CLANG_ENABLE_MODULES = YES;
				CLANG_ENABLE_OBJC_ARC = YES;
				CLANG_WARN_BOOL_CONVERSION = YES;
				CLANG_WARN_CONSTANT_CONVERSION = YES;
				CLANG_WARN_DIRECT_OBJC_ISA_USAGE = YES_ERROR;
				CLANG_WARN_DOCUMENTATION_COMMENTS = YES;
				CLANG_WARN_EMPTY_BODY = YES;
				CLANG_WARN_ENUM_CONVERSION = YES;
				CLANG_WARN_INFINITE_RECURSION = YES;
				CLANG_WARN_INT_CONVERSION = YES;
				CLANG_WARN_OBJC_ROOT_CLASS = YES_ERROR;
				CLANG_WARN_SUSPICIOUS_MOVES = YES;
				CLANG_WARN_UNREACHABLE_CODE = YES;
				CLANG_WARN__DUPLICATE_METHOD_MATCH = YES;
				"CODE_SIGN_IDENTITY[sdk=iphoneos*]" = "iPhone Developer";
				COPY_PHASE_STRIP = NO;
				DEBUG_INFORMATION_FORMAT = "dwarf-with-dsym";
				ENABLE_NS_ASSERTIONS = NO;
				ENABLE_STRICT_OBJC_MSGSEND = YES;
				GCC_C_LANGUAGE_STANDARD = gnu99;
				GCC_NO_COMMON_BLOCKS = YES;
				GCC_WARN_64_TO_32_BIT_CONVERSION = YES;
				GCC_WARN_ABOUT_RETURN_TYPE = YES_ERROR;
				GCC_WARN_UNDECLARED_SELECTOR = YES;
				GCC_WARN_UNINITIALIZED_AUTOS = YES_AGGRESSIVE;
				GCC_WARN_UNUSED_FUNCTION = YES;
				GCC_WARN_UNUSED_VARIABLE = YES;
				IPHONEOS_DEPLOYMENT_TARGET = 10.1;
				MTL_ENABLE_DEBUG_INFO = NO;
				SDKROOT = iphoneos;
				SWIFT_OPTIMIZATION_LEVEL = "-Owholemodule";
				TARGETED_DEVICE_FAMILY = "1,2";
				VALIDATE_PRODUCT = YES;
			};
			name = Release;
		};
		DCE3D6BE1E2F5C60003DE61F /* Debug */ = {
			isa = XCBuildConfiguration;
			buildSettings = {
				ASSETCATALOG_COMPILER_COMPLICATION_NAME = Complication;
				INFOPLIST_FILE = "Pizza WatchKit Extension/Info.plist";
				LD_RUNPATH_SEARCH_PATHS = "$(inherited) @executable_path/Frameworks @executable_path/../../Frameworks";
				PRODUCT_BUNDLE_IDENTIFIER = j.Pizza.watchkitapp.watchkitextension;
				PRODUCT_NAME = "${TARGET_NAME}";
				SDKROOT = watchos;
				SKIP_INSTALL = YES;
				SWIFT_VERSION = 3.0;
				TARGETED_DEVICE_FAMILY = 4;
				WATCHOS_DEPLOYMENT_TARGET = 3.1;
			};
			name = Debug;
		};
		DCE3D6BF1E2F5C60003DE61F /* Release */ = {
			isa = XCBuildConfiguration;
			buildSettings = {
				ASSETCATALOG_COMPILER_COMPLICATION_NAME = Complication;
				INFOPLIST_FILE = "Pizza WatchKit Extension/Info.plist";
				LD_RUNPATH_SEARCH_PATHS = "$(inherited) @executable_path/Frameworks @executable_path/../../Frameworks";
				PRODUCT_BUNDLE_IDENTIFIER = j.Pizza.watchkitapp.watchkitextension;
				PRODUCT_NAME = "${TARGET_NAME}";
				SDKROOT = watchos;
				SKIP_INSTALL = YES;
				SWIFT_VERSION = 3.0;
				TARGETED_DEVICE_FAMILY = 4;
				WATCHOS_DEPLOYMENT_TARGET = 3.1;
			};
			name = Release;
		};
		DCE3D6C21E2F5C60003DE61F /* Debug */ = {
			isa = XCBuildConfiguration;
			buildSettings = {
				ALWAYS_EMBED_SWIFT_STANDARD_LIBRARIES = YES;
				ASSETCATALOG_COMPILER_APPICON_NAME = AppIcon;
				IBSC_MODULE = Pizza_WatchKit_Extension;
				INFOPLIST_FILE = "Pizza WatchKit App/Info.plist";
				PRODUCT_BUNDLE_IDENTIFIER = j.Pizza.watchkitapp;
				PRODUCT_NAME = "$(TARGET_NAME)";
				SDKROOT = watchos;
				SKIP_INSTALL = YES;
				SWIFT_VERSION = 3.0;
				TARGETED_DEVICE_FAMILY = 4;
				WATCHOS_DEPLOYMENT_TARGET = 3.1;
			};
			name = Debug;
		};
		DCE3D6C31E2F5C60003DE61F /* Release */ = {
			isa = XCBuildConfiguration;
			buildSettings = {
				ALWAYS_EMBED_SWIFT_STANDARD_LIBRARIES = YES;
				ASSETCATALOG_COMPILER_APPICON_NAME = AppIcon;
				IBSC_MODULE = Pizza_WatchKit_Extension;
				INFOPLIST_FILE = "Pizza WatchKit App/Info.plist";
				PRODUCT_BUNDLE_IDENTIFIER = j.Pizza.watchkitapp;
				PRODUCT_NAME = "$(TARGET_NAME)";
				SDKROOT = watchos;
				SKIP_INSTALL = YES;
				SWIFT_VERSION = 3.0;
				TARGETED_DEVICE_FAMILY = 4;
				WATCHOS_DEPLOYMENT_TARGET = 3.1;
			};
			name = Release;
		};
		DCE3D6C61E2F5C60003DE61F /* Debug */ = {
			isa = XCBuildConfiguration;
			buildSettings = {
				ASSETCATALOG_COMPILER_APPICON_NAME = AppIcon;
				INFOPLIST_FILE = Pizza/Info.plist;
				LD_RUNPATH_SEARCH_PATHS = "$(inherited) @executable_path/Frameworks";
				PRODUCT_BUNDLE_IDENTIFIER = j.Pizza;
				PRODUCT_NAME = "$(TARGET_NAME)";
				SWIFT_VERSION = 3.0;
			};
			name = Debug;
		};
		DCE3D6C71E2F5C60003DE61F /* Release */ = {
			isa = XCBuildConfiguration;
			buildSettings = {
				ASSETCATALOG_COMPILER_APPICON_NAME = AppIcon;
				INFOPLIST_FILE = Pizza/Info.plist;
				LD_RUNPATH_SEARCH_PATHS = "$(inherited) @executable_path/Frameworks";
				PRODUCT_BUNDLE_IDENTIFIER = j.Pizza;
				PRODUCT_NAME = "$(TARGET_NAME)";
				SWIFT_VERSION = 3.0;
			};
			name = Release;
		};
/* End XCBuildConfiguration section */

/* Begin XCConfigurationList section */
		DCE3D6891E2F5C5F003DE61F /* Build configuration list for PBXProject "Pizza" */ = {
			isa = XCConfigurationList;
			buildConfigurations = (
				DCE3D6BB1E2F5C60003DE61F /* Debug */,
				DCE3D6BC1E2F5C60003DE61F /* Release */,
			);
			defaultConfigurationIsVisible = 0;
			defaultConfigurationName = Release;
		};
		DCE3D6BD1E2F5C60003DE61F /* Build configuration list for PBXNativeTarget "Pizza WatchKit Extension" */ = {
			isa = XCConfigurationList;
			buildConfigurations = (
				DCE3D6BE1E2F5C60003DE61F /* Debug */,
				DCE3D6BF1E2F5C60003DE61F /* Release */,
			);
			defaultConfigurationIsVisible = 0;
		};
		DCE3D6C11E2F5C60003DE61F /* Build configuration list for PBXNativeTarget "Pizza WatchKit App" */ = {
			isa = XCConfigurationList;
			buildConfigurations = (
				DCE3D6C21E2F5C60003DE61F /* Debug */,
				DCE3D6C31E2F5C60003DE61F /* Release */,
			);
			defaultConfigurationIsVisible = 0;
		};
		DCE3D6C51E2F5C60003DE61F /* Build configuration list for PBXNativeTarget "Pizza" */ = {
			isa = XCConfigurationList;
			buildConfigurations = (
				DCE3D6C61E2F5C60003DE61F /* Debug */,
				DCE3D6C71E2F5C60003DE61F /* Release */,
			);
			defaultConfigurationIsVisible = 0;
		};
/* End XCConfigurationList section */
	};
	rootObject = DCE3D6861E2F5C5F003DE61F /* Project object */;
}
